
Microsoft Visual Studio Solution File, Format Version 12.00
# Visual Studio Version 17
VisualStudioVersion = 17.13.35818.85 d17.13
MinimumVisualStudioVersion = 10.0.40219.1
Project("{FAE04EC0-301F-11D3-BF4B-00C04F79EFBC}") = "DapperBigData", "DapperBigData\DapperBigData.csproj", "{1F5CB725-9D9B-41DE-A0CD-3093BCCA8ACB}"
EndProject
Global
	GlobalSection(SolutionConfigurationPlatforms) = preSolution
		Debug|Any CPU = Debug|Any CPU
		Release|Any CPU = Release|Any CPU
	EndGlobalSection
	GlobalSection(ProjectConfigurationPlatforms) = postSolution
		{1F5CB725-9D9B-41DE-A0CD-3093BCCA8ACB}.Debug|Any CPU.ActiveCfg = Debug|Any CPU
		{1F5CB725-9D9B-41DE-A0CD-3093BCCA8ACB}.Debug|Any CPU.Build.0 = Debug|Any CPU
		{1F5CB725-9D9B-41DE-A0CD-3093BCCA8ACB}.Release|Any CPU.ActiveCfg = Release|Any CPU
		{1F5CB725-9D9B-41DE-A0CD-3093BCCA8ACB}.Release|Any CPU.Build.0 = Release|Any CPU
	EndGlobalSection
	GlobalSection(SolutionProperties) = preSolution
		HideSolutionNode = FALSE
	EndGlobalSection
	GlobalSection(ExtensibilityGlobals) = postSolution
		SolutionGuid = {D00AC36C-AEB7-4CAD-B311-A77D8A46436A}
	EndGlobalSection
EndGlobal
